
Microsoft Visual Studio Solution File, Format Version 12.00
# Visual Studio Version 17
VisualStudioVersion = 17.0.31903.59
MinimumVisualStudioVersion = 10.0.40219.1
Project("{9A19103F-16F7-4668-BE54-9A1E7A4F7556}") = "ExcelImportService", "ExcelImportService\ExcelImportService.csproj", "{240C1B3A-EFE7-43B6-8FBB-96114163C672}"
EndProject
Project("{9A19103F-16F7-4668-BE54-9A1E7A4F7556}") = "ExcelImportService.Tests", "ExcelImportService.Tests\ExcelImportService.Tests.csproj", "{515E69E1-FA3D-4A75-9455-B1D81514CBA6}"
EndProject
Project("{9A19103F-16F7-4668-BE54-9A1E7A4F7556}") = "Dataverse.RestClient", "DataverseRestClient\src\Dataverse.RestClient\Dataverse.RestClient.csproj", "{B53CCB89-0216-44E3-AC0D-D89F7620C753}"
EndProject
Global
	GlobalSection(SolutionConfigurationPlatforms) = preSolution
		Debug|Any CPU = Debug|Any CPU
		Release|Any CPU = Release|Any CPU
	EndGlobalSection
	GlobalSection(ProjectConfigurationPlatforms) = postSolution
		{240C1B3A-EFE7-43B6-8FBB-96114163C672}.Debug|Any CPU.ActiveCfg = Debug|Any CPU
		{240C1B3A-EFE7-43B6-8FBB-96114163C672}.Debug|Any CPU.Build.0 = Debug|Any CPU
		{240C1B3A-EFE7-43B6-8FBB-96114163C672}.Release|Any CPU.ActiveCfg = Release|Any CPU
		{240C1B3A-EFE7-43B6-8FBB-96114163C672}.Release|Any CPU.Build.0 = Release|Any CPU
		{515E69E1-FA3D-4A75-9455-B1D81514CBA6}.Debug|Any CPU.ActiveCfg = Debug|Any CPU
		{515E69E1-FA3D-4A75-9455-B1D81514CBA6}.Debug|Any CPU.Build.0 = Debug|Any CPU
		{515E69E1-FA3D-4A75-9455-B1D81514CBA6}.Release|Any CPU.ActiveCfg = Release|Any CPU
		{515E69E1-FA3D-4A75-9455-B1D81514CBA6}.Release|Any CPU.Build.0 = Release|Any CPU
		{B53CCB89-0216-44E3-AC0D-D89F7620C753}.Debug|Any CPU.ActiveCfg = Debug|Any CPU
		{B53CCB89-0216-44E3-AC0D-D89F7620C753}.Debug|Any CPU.Build.0 = Debug|Any CPU
		{B53CCB89-0216-44E3-AC0D-D89F7620C753}.Release|Any CPU.ActiveCfg = Release|Any CPU
		{B53CCB89-0216-44E3-AC0D-D89F7620C753}.Release|Any CPU.Build.0 = Release|Any CPU
	EndGlobalSection
	GlobalSection(SolutionProperties) = preSolution
		HideSolutionNode = FALSE
	EndGlobalSection
	GlobalSection(ExtensibilityGlobals) = postSolution
		SolutionGuid = {8ABEF8D9-65D9-4A05-8E98-98F940B75FEF}
	EndGlobalSection
EndGlobal
